
Microsoft Visual Studio Solution File, Format Version 12.00
# Visual Studio Version 17
VisualStudioVersion = 17.5.33502.453
MinimumVisualStudioVersion = 10.0.40219.1
Project("{9A19103F-16F7-4668-BE54-9A1E7A4F7556}") = "InventrySystemAPI", "InventrySystemAPI.csproj", "{DE8DF5F5-5752-42F8-ACCD-3A88230D2736}"
EndProject
Project("{9A19103F-16F7-4668-BE54-9A1E7A4F7556}") = "ConsumeInventaory", "..\ConsumeInventaory\ConsumeInventaory.csproj", "{ADFD9355-D68B-4DC9-9EE7-9AF4BEF6E444}"
EndProject
Global
	GlobalSection(SolutionConfigurationPlatforms) = preSolution
		Debug|Any CPU = Debug|Any CPU
		Release|Any CPU = Release|Any CPU
	EndGlobalSection
	GlobalSection(ProjectConfigurationPlatforms) = postSolution
		{DE8DF5F5-5752-42F8-ACCD-3A88230D2736}.Debug|Any CPU.ActiveCfg = Debug|Any CPU
		{DE8DF5F5-5752-42F8-ACCD-3A88230D2736}.Debug|Any CPU.Build.0 = Debug|Any CPU
		{DE8DF5F5-5752-42F8-ACCD-3A88230D2736}.Release|Any CPU.ActiveCfg = Release|Any CPU
		{DE8DF5F5-5752-42F8-ACCD-3A88230D2736}.Release|Any CPU.Build.0 = Release|Any CPU
		{ADFD9355-D68B-4DC9-9EE7-9AF4BEF6E444}.Debug|Any CPU.ActiveCfg = Debug|Any CPU
		{ADFD9355-D68B-4DC9-9EE7-9AF4BEF6E444}.Debug|Any CPU.Build.0 = Debug|Any CPU
		{ADFD9355-D68B-4DC9-9EE7-9AF4BEF6E444}.Release|Any CPU.ActiveCfg = Release|Any CPU
		{ADFD9355-D68B-4DC9-9EE7-9AF4BEF6E444}.Release|Any CPU.Build.0 = Release|Any CPU
	EndGlobalSection
	GlobalSection(SolutionProperties) = preSolution
		HideSolutionNode = FALSE
	EndGlobalSection
	GlobalSection(ExtensibilityGlobals) = postSolution
		SolutionGuid = {A9D3DCBA-B41A-441C-9155-5C7A8BB2E26D}
	EndGlobalSection
EndGlobal
